
Microsoft Visual Studio Solution File, Format Version 12.00
Project("{FAE04EC0-301F-11D3-BF4B-00C04F79EFBC}") = "practice01", "practice01\practice01.csproj", "{78FE8C3D-0759-4785-AD55-A8902AF079FD}"
EndProject
Global
	GlobalSection(SolutionConfigurationPlatforms) = preSolution
		Debug|Any CPU = Debug|Any CPU
		Release|Any CPU = Release|Any CPU
	EndGlobalSection
	GlobalSection(ProjectConfigurationPlatforms) = postSolution
		{78FE8C3D-0759-4785-AD55-A8902AF079FD}.Debug|Any CPU.ActiveCfg = Debug|Any CPU
		{78FE8C3D-0759-4785-AD55-A8902AF079FD}.Debug|Any CPU.Build.0 = Debug|Any CPU
		{78FE8C3D-0759-4785-AD55-A8902AF079FD}.Release|Any CPU.ActiveCfg = Release|Any CPU
		{78FE8C3D-0759-4785-AD55-A8902AF079FD}.Release|Any CPU.Build.0 = Release|Any CPU
	EndGlobalSection
EndGlobal
