
Microsoft Visual Studio Solution File, Format Version 12.00
Project("{FAE04EC0-301F-11D3-BF4B-00C04F79EFBC}") = "task-8", "task-8\task-8.csproj", "{71D68809-1211-4A67-8183-2F419F096A02}"
EndProject
Global
	GlobalSection(SolutionConfigurationPlatforms) = preSolution
		Debug|Any CPU = Debug|Any CPU
		Release|Any CPU = Release|Any CPU
	EndGlobalSection
	GlobalSection(ProjectConfigurationPlatforms) = postSolution
		{71D68809-1211-4A67-8183-2F419F096A02}.Debug|Any CPU.ActiveCfg = Debug|Any CPU
		{71D68809-1211-4A67-8183-2F419F096A02}.Debug|Any CPU.Build.0 = Debug|Any CPU
		{71D68809-1211-4A67-8183-2F419F096A02}.Release|Any CPU.ActiveCfg = Release|Any CPU
		{71D68809-1211-4A67-8183-2F419F096A02}.Release|Any CPU.Build.0 = Release|Any CPU
	EndGlobalSection
EndGlobal
